
Microsoft Visual Studio Solution File, Format Version 12.00
# Visual Studio Version 17
VisualStudioVersion = 17.14.36212.18
MinimumVisualStudioVersion = 10.0.40219.1
Project("{FAE04EC0-301F-11D3-BF4B-00C04F79EFBC}") = "SIUTeam.EnglishStudy.API", "SIUTeam.EnglishStudy.API\SIUTeam.EnglishStudy.API.csproj", "{4A1AD73B-4307-4B46-98C5-EE6D4184CDA4}"
EndProject
Project("{FAE04EC0-301F-11D3-BF4B-00C04F79EFBC}") = "SIUTeam.EnglishStudy.Core", "SIUTeam.EnglishStudy.Core\SIUTeam.EnglishStudy.Core.csproj", "{2F6D5EAB-01BA-4424-A9F5-68B63B2DEC25}"
EndProject
Project("{FAE04EC0-301F-11D3-BF4B-00C04F79EFBC}") = "SIUTeam.EnglishStudy.Infrastructure", "SIUTeam.EnglishStudy.Infrastructure\SIUTeam.EnglishStudy.Infrastructure.csproj", "{5E4A13C8-D9B0-4068-A06F-4AF10ADF7466}"
EndProject
Project("{2150E333-8FDC-42A3-9474-1A3956D46DE8}") = "Jobs", "Jobs", "{02EA681E-C7D8-13C7-8484-4AC65E1B71E8}"
EndProject
Project("{FAE04EC0-301F-11D3-BF4B-00C04F79EFBC}") = "SIUTeam.EnglishStudy.Jobs.SeedData", "SIUTeam.EnglishStudy.Jobs.SeedData\SIUTeam.EnglishStudy.Jobs.SeedData.csproj", "{E30E7CD2-8752-478E-86D3-8A14118A7FDE}"
EndProject
Project("{2150E333-8FDC-42A3-9474-1A3956D46DE8}") = "UnitTests", "UnitTests", "{DABA4F58-0F17-49CC-8BBA-CFA28D864ECD}"
EndProject
Project("{FAE04EC0-301F-11D3-BF4B-00C04F79EFBC}") = "SIUTeam.EnglishStudy.Tests", "UnitTests\SIUTeam.EnglishStudy.Tests.csproj", "{062AF40C-9AA7-8082-E291-00E6BE589038}"
EndProject
Global
	GlobalSection(SolutionConfigurationPlatforms) = preSolution
		Debug|Any CPU = Debug|Any CPU
		Release|Any CPU = Release|Any CPU
	EndGlobalSection
	GlobalSection(ProjectConfigurationPlatforms) = postSolution
		{4A1AD73B-4307-4B46-98C5-EE6D4184CDA4}.Debug|Any CPU.ActiveCfg = Debug|Any CPU
		{4A1AD73B-4307-4B46-98C5-EE6D4184CDA4}.Debug|Any CPU.Build.0 = Debug|Any CPU
		{4A1AD73B-4307-4B46-98C5-EE6D4184CDA4}.Release|Any CPU.ActiveCfg = Release|Any CPU
		{4A1AD73B-4307-4B46-98C5-EE6D4184CDA4}.Release|Any CPU.Build.0 = Release|Any CPU
		{2F6D5EAB-01BA-4424-A9F5-68B63B2DEC25}.Debug|Any CPU.ActiveCfg = Debug|Any CPU
		{2F6D5EAB-01BA-4424-A9F5-68B63B2DEC25}.Debug|Any CPU.Build.0 = Debug|Any CPU
		{2F6D5EAB-01BA-4424-A9F5-68B63B2DEC25}.Release|Any CPU.ActiveCfg = Release|Any CPU
		{2F6D5EAB-01BA-4424-A9F5-68B63B2DEC25}.Release|Any CPU.Build.0 = Release|Any CPU
		{5E4A13C8-D9B0-4068-A06F-4AF10ADF7466}.Debug|Any CPU.ActiveCfg = Debug|Any CPU
		{5E4A13C8-D9B0-4068-A06F-4AF10ADF7466}.Debug|Any CPU.Build.0 = Debug|Any CPU
		{5E4A13C8-D9B0-4068-A06F-4AF10ADF7466}.Release|Any CPU.ActiveCfg = Release|Any CPU
		{5E4A13C8-D9B0-4068-A06F-4AF10ADF7466}.Release|Any CPU.Build.0 = Release|Any CPU
		{E30E7CD2-8752-478E-86D3-8A14118A7FDE}.Debug|Any CPU.ActiveCfg = Debug|Any CPU
		{E30E7CD2-8752-478E-86D3-8A14118A7FDE}.Debug|Any CPU.Build.0 = Debug|Any CPU
		{E30E7CD2-8752-478E-86D3-8A14118A7FDE}.Release|Any CPU.ActiveCfg = Release|Any CPU
		{E30E7CD2-8752-478E-86D3-8A14118A7FDE}.Release|Any CPU.Build.0 = Release|Any CPU
		{062AF40C-9AA7-8082-E291-00E6BE589038}.Debug|Any CPU.ActiveCfg = Debug|Any CPU
		{062AF40C-9AA7-8082-E291-00E6BE589038}.Debug|Any CPU.Build.0 = Debug|Any CPU
		{062AF40C-9AA7-8082-E291-00E6BE589038}.Release|Any CPU.ActiveCfg = Release|Any CPU
		{062AF40C-9AA7-8082-E291-00E6BE589038}.Release|Any CPU.Build.0 = Release|Any CPU
	EndGlobalSection
	GlobalSection(SolutionProperties) = preSolution
		HideSolutionNode = FALSE
	EndGlobalSection
	GlobalSection(NestedProjects) = preSolution
		{E30E7CD2-8752-478E-86D3-8A14118A7FDE} = {02EA681E-C7D8-13C7-8484-4AC65E1B71E8}
		{062AF40C-9AA7-8082-E291-00E6BE589038} = {DABA4F58-0F17-49CC-8BBA-CFA28D864ECD}
	EndGlobalSection
	GlobalSection(ExtensibilityGlobals) = postSolution
		SolutionGuid = {E98532CF-77E8-4DCC-BC24-6631D6A45AA4}
	EndGlobalSection
EndGlobal
